
Microsoft Visual Studio Solution File, Format Version 12.00
# Visual Studio Version 17
VisualStudioVersion = 17.0.31912.275
MinimumVisualStudioVersion = 10.0.40219.1
Project("{2150E333-8FDC-42A3-9474-1A3956D46DE8}") = "src", "src", "{6361AD7B-8FA4-42AF-BC82-BD9BC4099FC1}"
EndProject
Project("{2150E333-8FDC-42A3-9474-1A3956D46DE8}") = "Services", "Services", "{7AE82CB4-BB81-4617-A8A5-28F0F5BB4D17}"
EndProject
Project("{2150E333-8FDC-42A3-9474-1A3956D46DE8}") = "Product", "Product", "{D3A0EC85-C15F-4B3A-ABFB-D574028BD5B4}"
EndProject
Project("{2150E333-8FDC-42A3-9474-1A3956D46DE8}") = "Api", "Api", "{6F7BDE16-5677-4C66-82D1-B04F9A8DCA02}"
EndProject
Project("{2150E333-8FDC-42A3-9474-1A3956D46DE8}") = "Core", "Core", "{A340CC43-06BB-4A89-9148-B544038DFCA0}"
EndProject
Project("{2150E333-8FDC-42A3-9474-1A3956D46DE8}") = "Infrastructure", "Infrastructure", "{C0EC6AEA-DF11-4458-A4D3-01BE223835C0}"
EndProject
Project("{2150E333-8FDC-42A3-9474-1A3956D46DE8}") = "WebApi", "WebApi", "{899BF5C7-0CF8-45EE-93B9-B292D7742CE5}"
EndProject
Project("{2150E333-8FDC-42A3-9474-1A3956D46DE8}") = "Stock", "Stock", "{1F27974C-DA37-43E7-B81B-D606035AB29C}"
EndProject
Project("{2150E333-8FDC-42A3-9474-1A3956D46DE8}") = "Integration", "Integration", "{902D78CA-E409-40EB-9986-6A528BCECA8B}"
EndProject
Project("{2150E333-8FDC-42A3-9474-1A3956D46DE8}") = "Api", "Api", "{CBB54365-E295-4E62-BC8A-069F0707A988}"
EndProject
Project("{2150E333-8FDC-42A3-9474-1A3956D46DE8}") = "Core", "Core", "{C76754E6-2D4E-4750-89AD-7C9774ADECDD}"
EndProject
Project("{2150E333-8FDC-42A3-9474-1A3956D46DE8}") = "Infrastructure", "Infrastructure", "{24772936-EE3B-4970-BF45-0EA9AF8054A6}"
EndProject
Project("{2150E333-8FDC-42A3-9474-1A3956D46DE8}") = "WebApi", "WebApi", "{F79FC503-4966-48FE-98ED-7B855E2DBBD8}"
EndProject
Project("{2150E333-8FDC-42A3-9474-1A3956D46DE8}") = "Domain", "Domain", "{F13E9D58-67ED-4E22-8FE9-F9E65589ED8E}"
EndProject
Project("{2150E333-8FDC-42A3-9474-1A3956D46DE8}") = "Application", "Application", "{33C0802F-5B32-4915-B533-5990BE2C71BC}"
EndProject
Project("{2150E333-8FDC-42A3-9474-1A3956D46DE8}") = "Core", "Core", "{46D7D0EC-F502-4227-B9F2-D813BF5217B1}"
EndProject
Project("{9A19103F-16F7-4668-BE54-9A1E7A4F7556}") = "Microservices.Application", "src\Core\Application\Microservices.Application\Microservices.Application.csproj", "{67677EB2-57A2-4F75-9021-CA49C512AB0A}"
EndProject
Project("{9A19103F-16F7-4668-BE54-9A1E7A4F7556}") = "Microservices.Domain", "src\Core\Domain\Microservices.Domain\Microservices.Domain.csproj", "{4E571C7B-FCD1-4104-A01F-088340A5DC22}"
EndProject
Project("{9A19103F-16F7-4668-BE54-9A1E7A4F7556}") = "Microservices.Integration", "src\Core\Integration\Microservices.Integration\Microservices.Integration.csproj", "{8CEEDCAF-AEFD-4446-9BF4-0FDC2B1A1269}"
EndProject
Project("{2150E333-8FDC-42A3-9474-1A3956D46DE8}") = "Persistence", "Persistence", "{697A9016-F934-4DCC-B226-1A9891FB0507}"
EndProject
Project("{9A19103F-16F7-4668-BE54-9A1E7A4F7556}") = "Microservices.Persistence.Repository", "src\Core\Persistence\Microservices.Persistence.Repository\Microservices.Persistence.Repository.csproj", "{594780BA-5926-4623-9CD9-9972F7C02FFC}"
EndProject
Project("{9A19103F-16F7-4668-BE54-9A1E7A4F7556}") = "Microservices.Persistence.Repository.Mongo", "src\Core\Persistence\Microservices.Persistence.Repository.Mongo\Microservices.Persistence.Repository.Mongo.csproj", "{C886359D-342A-432B-88C6-1B6C205CF7C8}"
EndProject
Project("{2150E333-8FDC-42A3-9474-1A3956D46DE8}") = "WebApi", "WebApi", "{F8063BE3-5449-48F9-BBDB-72C04C3981BD}"
EndProject
Project("{9A19103F-16F7-4668-BE54-9A1E7A4F7556}") = "Microservices.WebApi", "src\Core\WebApi\Microservices.WebApi\Microservices.WebApi.csproj", "{A3186892-522A-4558-A7F3-2D67D7F6C281}"
EndProject
Project("{2150E333-8FDC-42A3-9474-1A3956D46DE8}") = "EventSourcing", "EventSourcing", "{6B2B7FDF-B3A1-4E79-9302-AFB5983B9352}"
EndProject
Project("{9A19103F-16F7-4668-BE54-9A1E7A4F7556}") = "Microservices.EventSourcing", "src\Core\EventSourcing\Microservices.EventSourcing\Microservices.EventSourcing.csproj", "{E97E4D57-CD17-4D23-A178-C803736DB2AD}"
EndProject
Project("{2150E333-8FDC-42A3-9474-1A3956D46DE8}") = "DistributedLock", "DistributedLock", "{E08964CE-CDF1-4A28-B8FA-DA7DED40476C}"
EndProject
Project("{9A19103F-16F7-4668-BE54-9A1E7A4F7556}") = "Microservices.DistributedLock", "src\Core\DistributedLock\Microservices.DistributedLock\Microservices.DistributedLock.csproj", "{62B375FF-FC1D-4F97-A811-A3C6E9155BBE}"
EndProject
Project("{9A19103F-16F7-4668-BE54-9A1E7A4F7556}") = "Microservices.Persistence.Repository.EfCore", "src\Core\Persistence\Microservices.Persistence.Repository.EfCore\Microservices.Persistence.Repository.EfCore.csproj", "{9217054F-2BA8-470A-B6D0-A09C87D8C564}"
EndProject
Project("{2150E333-8FDC-42A3-9474-1A3956D46DE8}") = "Basket", "Basket", "{75686B1E-9E98-4628-99D0-8B30746DF880}"
EndProject
Project("{2150E333-8FDC-42A3-9474-1A3956D46DE8}") = "Api", "Api", "{3D709E08-D60D-4A69-9606-B34556E5ECCE}"
EndProject
Project("{2150E333-8FDC-42A3-9474-1A3956D46DE8}") = "Core", "Core", "{89B5E1E8-4F8D-4C44-999A-4CB78EDDC11D}"
EndProject
Project("{2150E333-8FDC-42A3-9474-1A3956D46DE8}") = "Infrastructure", "Infrastructure", "{370DC87D-77C2-4363-9FE6-7C006D247FFB}"
EndProject
Project("{2150E333-8FDC-42A3-9474-1A3956D46DE8}") = "WebApi", "WebApi", "{3FB39CDF-D323-424B-BCC1-65156F08A7F7}"
EndProject
Project("{9A19103F-16F7-4668-BE54-9A1E7A4F7556}") = "Microservices.Basket.Application", "src\Services\Basket\Api\Core\Microservices.Basket.Application\Microservices.Basket.Application.csproj", "{3CA402E6-4965-463B-997C-EB3293EF99F0}"
EndProject
Project("{9A19103F-16F7-4668-BE54-9A1E7A4F7556}") = "Microservices.Basket.Persistence", "src\Services\Basket\Api\Infrastructure\Microservices.Basket.Persistence\Microservices.Basket.Persistence.csproj", "{85C75DA5-FD75-4C56-A569-6E7EBC910EA2}"
EndProject
Project("{9A19103F-16F7-4668-BE54-9A1E7A4F7556}") = "Microservices.Basket.WebApi", "src\Services\Basket\Api\WebApi\Microservices.Basket.WebApi\Microservices.Basket.WebApi.csproj", "{1EA62B10-01CC-46C1-B27C-EC1ED186087A}"
EndProject
Project("{9A19103F-16F7-4668-BE54-9A1E7A4F7556}") = "Microservices.Product.Application", "src\Services\Product\Api\Core\Microservices.Product.Application\Microservices.Product.Application.csproj", "{10566FED-2FF8-47A3-9FED-82D6C976BF04}"
EndProject
Project("{9A19103F-16F7-4668-BE54-9A1E7A4F7556}") = "Microservices.Product.Domain", "src\Services\Product\Api\Core\Microservices.Product.Domain\Microservices.Product.Domain.csproj", "{D2D5B16C-4ABE-4150-A9AC-7A61D4095024}"
EndProject
Project("{9A19103F-16F7-4668-BE54-9A1E7A4F7556}") = "Microservices.Product.Integration", "src\Services\Product\Api\Infrastructure\Microservices.Product.Integration\Microservices.Product.Integration.csproj", "{5FFA448F-7091-46AC-A5C5-7CBC71DA56A5}"
EndProject
Project("{9A19103F-16F7-4668-BE54-9A1E7A4F7556}") = "Microservices.Product.Persistence", "src\Services\Product\Api\Infrastructure\Microservices.Product.Persistence\Microservices.Product.Persistence.csproj", "{A0DF642E-8031-46BD-96A8-2837DBE9C71A}"
EndProject
Project("{9A19103F-16F7-4668-BE54-9A1E7A4F7556}") = "Microservices.Product.WebApi", "src\Services\Product\Api\WebApi\Microservices.Product.WebApi\Microservices.Product.WebApi.csproj", "{A2CB19AC-1401-4EC2-AD49-57B7D225D924}"
EndProject
Project("{9A19103F-16F7-4668-BE54-9A1E7A4F7556}") = "Microservices.Stock.Application", "src\Services\Stock\Api\Core\Microservices.Stock.Application\Microservices.Stock.Application.csproj", "{4A5D65A2-451D-4A53-8903-6AA089964B7F}"
EndProject
Project("{9A19103F-16F7-4668-BE54-9A1E7A4F7556}") = "Microservices.Stock.Domain", "src\Services\Stock\Api\Core\Microservices.Stock.Domain\Microservices.Stock.Domain.csproj", "{442A84EA-C604-446A-9410-34A4D54C1847}"
EndProject
Project("{9A19103F-16F7-4668-BE54-9A1E7A4F7556}") = "Microservices.Stock.Integration", "src\Services\Stock\Api\Infrastructure\Microservices.Stock.Integration\Microservices.Stock.Integration.csproj", "{A11BA999-88EF-4AC1-9441-C49C90EAFEC1}"
EndProject
Project("{9A19103F-16F7-4668-BE54-9A1E7A4F7556}") = "Microservices.Stock.Persistence", "src\Services\Stock\Api\Infrastructure\Microservices.Stock.Persistence\Microservices.Stock.Persistence.csproj", "{D2C86A49-FB34-481B-8A63-C3C623BAA5B5}"
EndProject
Project("{9A19103F-16F7-4668-BE54-9A1E7A4F7556}") = "Microservices.Stock.WebApi", "src\Services\Stock\Api\Webapi\Microservices.Stock.WebApi\Microservices.Stock.WebApi.csproj", "{54808EB9-9DE8-4B9E-870D-166FBE439D8A}"
EndProject
Project("{2150E333-8FDC-42A3-9474-1A3956D46DE8}") = "Order", "Order", "{D1EA85BD-1516-4ACD-A65F-A889859D42BD}"
EndProject
Project("{2150E333-8FDC-42A3-9474-1A3956D46DE8}") = "Payment", "Payment", "{208D2340-B216-44AD-929E-89F9FAD45B8E}"
EndProject
Project("{2150E333-8FDC-42A3-9474-1A3956D46DE8}") = "Api", "Api", "{219D4A58-1BA5-483C-B03D-5385989F55FC}"
EndProject
Project("{2150E333-8FDC-42A3-9474-1A3956D46DE8}") = "Core", "Core", "{70035F7D-FA3A-40FB-AE79-5F8F78DD3EC3}"
EndProject
Project("{2150E333-8FDC-42A3-9474-1A3956D46DE8}") = "Infrastructure", "Infrastructure", "{BD82F10F-D9A6-439F-9356-C2AB8CF242BE}"
EndProject
Project("{2150E333-8FDC-42A3-9474-1A3956D46DE8}") = "WebApi", "WebApi", "{E8CCA13C-8F30-41D5-9BA2-7B26858D43AF}"
EndProject
Project("{2150E333-8FDC-42A3-9474-1A3956D46DE8}") = "Api", "Api", "{D27146BE-3988-4AE9-BEC3-A96AB17C7A20}"
EndProject
Project("{2150E333-8FDC-42A3-9474-1A3956D46DE8}") = "Core", "Core", "{E4350B5A-CA40-4776-89BE-8171C5D7B41D}"
EndProject
Project("{2150E333-8FDC-42A3-9474-1A3956D46DE8}") = "Infrastructure", "Infrastructure", "{BB2BC891-A665-4CA3-8729-8857FEF2341D}"
EndProject
Project("{2150E333-8FDC-42A3-9474-1A3956D46DE8}") = "WebApi", "WebApi", "{D2E12AB6-D23F-4592-BAA5-AC35F5DDE5DE}"
EndProject
Project("{9A19103F-16F7-4668-BE54-9A1E7A4F7556}") = "Microservices.Order.Domain", "src\Services\Order\Api\Core\Microservices.Order.Domain\Microservices.Order.Domain.csproj", "{95F0244C-6EEC-44E6-A58D-B4781677ACE7}"
EndProject
Project("{9A19103F-16F7-4668-BE54-9A1E7A4F7556}") = "Microservices.Order.Application", "src\Services\Order\Api\Core\Microservices.Order.Application\Microservices.Order.Application.csproj", "{29E0BE52-B15E-484F-9B51-DE455A01BDDA}"
EndProject
Project("{9A19103F-16F7-4668-BE54-9A1E7A4F7556}") = "Microservices.Order.Persistence", "src\Services\Order\Api\Infrastructure\Microservices.Order.Persistence\Microservices.Order.Persistence.csproj", "{F67BBC1D-BD08-45B8-A755-DAB626505E03}"
EndProject
Project("{9A19103F-16F7-4668-BE54-9A1E7A4F7556}") = "Microservices.Order.WebApi", "src\Services\Order\Api\WebApi\Microservices.Order.WebApi\Microservices.Order.WebApi.csproj", "{79011171-B866-425F-B43C-90B553879B42}"
EndProject
Project("{9A19103F-16F7-4668-BE54-9A1E7A4F7556}") = "Microservices.Payment.Domain", "src\Services\Payment\Api\Core\Microservices.Payment.Domain\Microservices.Payment.Domain.csproj", "{2D25D6F2-D5E6-4769-A2F2-6553ADB0B9B3}"
EndProject
Project("{9A19103F-16F7-4668-BE54-9A1E7A4F7556}") = "Microservices.Payment.Application", "src\Services\Payment\Api\Core\Microservices.Payment.Application\Microservices.Payment.Application.csproj", "{46F6C452-386A-42AD-8C4E-1E3FE5A7949C}"
EndProject
Project("{9A19103F-16F7-4668-BE54-9A1E7A4F7556}") = "Microservices.Payment.Persistence", "src\Services\Payment\Api\Infrastructure\Microservices.Payment.Persistence\Microservices.Payment.Persistence.csproj", "{5CE4776D-0E67-4FBB-B9D7-7F8267CDB37A}"
EndProject
Project("{9A19103F-16F7-4668-BE54-9A1E7A4F7556}") = "Microservices.Payment.WebApi", "src\Services\Payment\Api\WebApi\Microservices.Payment.WebApi\Microservices.Payment.WebApi.csproj", "{5DD73662-D512-483A-ADD8-A9111196FC68}"
EndProject
Project("{9A19103F-16F7-4668-BE54-9A1E7A4F7556}") = "Microservices.Order.Integration", "src\Services\Order\Api\Infrastructure\Microservices.Order.Integration\Microservices.Order.Integration.csproj", "{AA7230D1-3FAE-458A-A546-7BC9C80A0C9E}"
EndProject
Project("{9A19103F-16F7-4668-BE54-9A1E7A4F7556}") = "Microservices.Payment.Integration", "src\Services\Payment\Api\Infrastructure\Microservices.Payment.Integration\Microservices.Payment.Integration.csproj", "{72A39443-5B97-412A-891D-90B33D730E02}"
EndProject
Project("{2150E333-8FDC-42A3-9474-1A3956D46DE8}") = "StateMachine", "StateMachine", "{6849A94F-3073-4CEE-AA8A-42AE5B554D7D}"
EndProject
Project("{9A19103F-16F7-4668-BE54-9A1E7A4F7556}") = "SagaStateMachineWorkerService", "src\Services\StateMachine\SagaStateMachineWorkerService\SagaStateMachineWorkerService.csproj", "{2559C826-5B71-4652-86AD-4A2E5DA5561A}"
EndProject
Project("{9A19103F-16F7-4668-BE54-9A1E7A4F7556}") = "Microservices.Product.IntegrationEvents", "src\Services\Product\Api\Infrastructure\Microservices.Product.IntegrationEvents\Microservices.Product.IntegrationEvents.csproj", "{D1EB6DE2-278A-4D1A-92BA-6F7ED7C57B79}"
EndProject
Project("{9A19103F-16F7-4668-BE54-9A1E7A4F7556}") = "Microservices.Stock.IntegrationEvents", "src\Services\Stock\Api\Infrastructure\Microservices.Stock.IntegrationEvent\Microservices.Stock.IntegrationEvents.csproj", "{0C770127-1B20-4D3B-B950-2C545296867D}"
EndProject
Project("{9A19103F-16F7-4668-BE54-9A1E7A4F7556}") = "Microservices.Order.IntegrationEvents", "src\Services\Order\Api\Infrastructure\Microservices.Order.IntegrationEvents\Microservices.Order.IntegrationEvents.csproj", "{1A27BE9D-6496-4238-91D0-AABA85B20F4B}"
EndProject
Project("{9A19103F-16F7-4668-BE54-9A1E7A4F7556}") = "Microservices.Payment.IntegrationEvents", "src\Services\Payment\Api\Infrastructure\Microservices.Payment.IntegrationEvents\Microservices.Payment.IntegrationEvents.csproj", "{E74924DF-203D-4AD7-B61B-B806BAAC7B2D}"
EndProject
Project("{2150E333-8FDC-42A3-9474-1A3956D46DE8}") = "WorkerServices", "WorkerServices", "{85B29CBF-CF6C-4D76-866B-E59070786B4C}"
EndProject
Project("{9A19103F-16F7-4668-BE54-9A1E7A4F7556}") = "Microservices.Stock.StockMotionWorker", "src\Services\Stock\Api\WorkerServices\Microservices.Stock.StockMotionWorker\Microservices.Stock.StockMotionWorker.csproj", "{F0A3E065-499B-4530-9EEE-7F1E96EF62B9}"
EndProject
Project("{9A19103F-16F7-4668-BE54-9A1E7A4F7556}") = "Microservices.Stock.EventStore", "src\Services\Stock\Api\Infrastructure\Microservices.Stock.EventStore\Microservices.Stock.EventStore.csproj", "{D78B4A7B-0DE8-4221-BC7B-25FE2B570035}"
EndProject
Project("{2150E333-8FDC-42A3-9474-1A3956D46DE8}") = "DevOps", "DevOps", "{81E9466F-21F5-4A2A-B1DF-F371C79118C6}"
EndProject
Project("{2150E333-8FDC-42A3-9474-1A3956D46DE8}") = "k8s", "k8s", "{C22212D9-5498-43A3-B881-54764EC48206}"
EndProject
Project("{2150E333-8FDC-42A3-9474-1A3956D46DE8}") = "Product", "Product", "{89AE5388-0A16-4F67-BAF0-1D047429C8F3}"
	ProjectSection(SolutionItems) = preProject
		DevOps\k8s\Product\config-product-api.yaml = DevOps\k8s\Product\config-product-api.yaml
		DevOps\k8s\Product\deployment.yaml = DevOps\k8s\Product\deployment.yaml
		DevOps\k8s\Product\secret-mongo-product.yaml = DevOps\k8s\Product\secret-mongo-product.yaml
		DevOps\k8s\Product\service.yaml = DevOps\k8s\Product\service.yaml
	EndProjectSection
EndProject
Project("{2150E333-8FDC-42A3-9474-1A3956D46DE8}") = "Rabbitmq", "Rabbitmq", "{0E3302A1-BC81-42BD-837A-7CDE43903B04}"
	ProjectSection(SolutionItems) = preProject
		DevOps\k8s\Rabbitmq\configmap.yaml = DevOps\k8s\Rabbitmq\configmap.yaml
		DevOps\k8s\Rabbitmq\ingress.yaml = DevOps\k8s\Rabbitmq\ingress.yaml
		DevOps\k8s\Rabbitmq\namespace.yaml = DevOps\k8s\Rabbitmq\namespace.yaml
		DevOps\k8s\Rabbitmq\rabbit-secret.yaml = DevOps\k8s\Rabbitmq\rabbit-secret.yaml
		DevOps\k8s\Rabbitmq\rbac.yaml = DevOps\k8s\Rabbitmq\rbac.yaml
		DevOps\k8s\Rabbitmq\service-external.yaml = DevOps\k8s\Rabbitmq\service-external.yaml
		DevOps\k8s\Rabbitmq\service.yaml = DevOps\k8s\Rabbitmq\service.yaml
		DevOps\k8s\Rabbitmq\statefulset.yaml = DevOps\k8s\Rabbitmq\statefulset.yaml
	EndProjectSection
EndProject
Global
	GlobalSection(SolutionConfigurationPlatforms) = preSolution
		Debug|Any CPU = Debug|Any CPU
		Release|Any CPU = Release|Any CPU
	EndGlobalSection
	GlobalSection(ProjectConfigurationPlatforms) = postSolution
		{67677EB2-57A2-4F75-9021-CA49C512AB0A}.Debug|Any CPU.ActiveCfg = Debug|Any CPU
		{67677EB2-57A2-4F75-9021-CA49C512AB0A}.Debug|Any CPU.Build.0 = Debug|Any CPU
		{67677EB2-57A2-4F75-9021-CA49C512AB0A}.Release|Any CPU.ActiveCfg = Release|Any CPU
		{67677EB2-57A2-4F75-9021-CA49C512AB0A}.Release|Any CPU.Build.0 = Release|Any CPU
		{4E571C7B-FCD1-4104-A01F-088340A5DC22}.Debug|Any CPU.ActiveCfg = Debug|Any CPU
		{4E571C7B-FCD1-4104-A01F-088340A5DC22}.Debug|Any CPU.Build.0 = Debug|Any CPU
		{4E571C7B-FCD1-4104-A01F-088340A5DC22}.Release|Any CPU.ActiveCfg = Release|Any CPU
		{4E571C7B-FCD1-4104-A01F-088340A5DC22}.Release|Any CPU.Build.0 = Release|Any CPU
		{8CEEDCAF-AEFD-4446-9BF4-0FDC2B1A1269}.Debug|Any CPU.ActiveCfg = Debug|Any CPU
		{8CEEDCAF-AEFD-4446-9BF4-0FDC2B1A1269}.Debug|Any CPU.Build.0 = Debug|Any CPU
		{8CEEDCAF-AEFD-4446-9BF4-0FDC2B1A1269}.Release|Any CPU.ActiveCfg = Release|Any CPU
		{8CEEDCAF-AEFD-4446-9BF4-0FDC2B1A1269}.Release|Any CPU.Build.0 = Release|Any CPU
		{594780BA-5926-4623-9CD9-9972F7C02FFC}.Debug|Any CPU.ActiveCfg = Debug|Any CPU
		{594780BA-5926-4623-9CD9-9972F7C02FFC}.Debug|Any CPU.Build.0 = Debug|Any CPU
		{594780BA-5926-4623-9CD9-9972F7C02FFC}.Release|Any CPU.ActiveCfg = Release|Any CPU
		{594780BA-5926-4623-9CD9-9972F7C02FFC}.Release|Any CPU.Build.0 = Release|Any CPU
		{C886359D-342A-432B-88C6-1B6C205CF7C8}.Debug|Any CPU.ActiveCfg = Debug|Any CPU
		{C886359D-342A-432B-88C6-1B6C205CF7C8}.Debug|Any CPU.Build.0 = Debug|Any CPU
		{C886359D-342A-432B-88C6-1B6C205CF7C8}.Release|Any CPU.ActiveCfg = Release|Any CPU
		{C886359D-342A-432B-88C6-1B6C205CF7C8}.Release|Any CPU.Build.0 = Release|Any CPU
		{A3186892-522A-4558-A7F3-2D67D7F6C281}.Debug|Any CPU.ActiveCfg = Debug|Any CPU
		{A3186892-522A-4558-A7F3-2D67D7F6C281}.Debug|Any CPU.Build.0 = Debug|Any CPU
		{A3186892-522A-4558-A7F3-2D67D7F6C281}.Release|Any CPU.ActiveCfg = Release|Any CPU
		{A3186892-522A-4558-A7F3-2D67D7F6C281}.Release|Any CPU.Build.0 = Release|Any CPU
		{E97E4D57-CD17-4D23-A178-C803736DB2AD}.Debug|Any CPU.ActiveCfg = Debug|Any CPU
		{E97E4D57-CD17-4D23-A178-C803736DB2AD}.Debug|Any CPU.Build.0 = Debug|Any CPU
		{E97E4D57-CD17-4D23-A178-C803736DB2AD}.Release|Any CPU.ActiveCfg = Release|Any CPU
		{E97E4D57-CD17-4D23-A178-C803736DB2AD}.Release|Any CPU.Build.0 = Release|Any CPU
		{62B375FF-FC1D-4F97-A811-A3C6E9155BBE}.Debug|Any CPU.ActiveCfg = Debug|Any CPU
		{62B375FF-FC1D-4F97-A811-A3C6E9155BBE}.Debug|Any CPU.Build.0 = Debug|Any CPU
		{62B375FF-FC1D-4F97-A811-A3C6E9155BBE}.Release|Any CPU.ActiveCfg = Release|Any CPU
		{62B375FF-FC1D-4F97-A811-A3C6E9155BBE}.Release|Any CPU.Build.0 = Release|Any CPU
		{9217054F-2BA8-470A-B6D0-A09C87D8C564}.Debug|Any CPU.ActiveCfg = Debug|Any CPU
		{9217054F-2BA8-470A-B6D0-A09C87D8C564}.Debug|Any CPU.Build.0 = Debug|Any CPU
		{9217054F-2BA8-470A-B6D0-A09C87D8C564}.Release|Any CPU.ActiveCfg = Release|Any CPU
		{9217054F-2BA8-470A-B6D0-A09C87D8C564}.Release|Any CPU.Build.0 = Release|Any CPU
		{3CA402E6-4965-463B-997C-EB3293EF99F0}.Debug|Any CPU.ActiveCfg = Debug|Any CPU
		{3CA402E6-4965-463B-997C-EB3293EF99F0}.Debug|Any CPU.Build.0 = Debug|Any CPU
		{3CA402E6-4965-463B-997C-EB3293EF99F0}.Release|Any CPU.ActiveCfg = Release|Any CPU
		{3CA402E6-4965-463B-997C-EB3293EF99F0}.Release|Any CPU.Build.0 = Release|Any CPU
		{85C75DA5-FD75-4C56-A569-6E7EBC910EA2}.Debug|Any CPU.ActiveCfg = Debug|Any CPU
		{85C75DA5-FD75-4C56-A569-6E7EBC910EA2}.Debug|Any CPU.Build.0 = Debug|Any CPU
		{85C75DA5-FD75-4C56-A569-6E7EBC910EA2}.Release|Any CPU.ActiveCfg = Release|Any CPU
		{85C75DA5-FD75-4C56-A569-6E7EBC910EA2}.Release|Any CPU.Build.0 = Release|Any CPU
		{1EA62B10-01CC-46C1-B27C-EC1ED186087A}.Debug|Any CPU.ActiveCfg = Debug|Any CPU
		{1EA62B10-01CC-46C1-B27C-EC1ED186087A}.Debug|Any CPU.Build.0 = Debug|Any CPU
		{1EA62B10-01CC-46C1-B27C-EC1ED186087A}.Release|Any CPU.ActiveCfg = Release|Any CPU
		{1EA62B10-01CC-46C1-B27C-EC1ED186087A}.Release|Any CPU.Build.0 = Release|Any CPU
		{10566FED-2FF8-47A3-9FED-82D6C976BF04}.Debug|Any CPU.ActiveCfg = Debug|Any CPU
		{10566FED-2FF8-47A3-9FED-82D6C976BF04}.Debug|Any CPU.Build.0 = Debug|Any CPU
		{10566FED-2FF8-47A3-9FED-82D6C976BF04}.Release|Any CPU.ActiveCfg = Release|Any CPU
		{10566FED-2FF8-47A3-9FED-82D6C976BF04}.Release|Any CPU.Build.0 = Release|Any CPU
		{D2D5B16C-4ABE-4150-A9AC-7A61D4095024}.Debug|Any CPU.ActiveCfg = Debug|Any CPU
		{D2D5B16C-4ABE-4150-A9AC-7A61D4095024}.Debug|Any CPU.Build.0 = Debug|Any CPU
		{D2D5B16C-4ABE-4150-A9AC-7A61D4095024}.Release|Any CPU.ActiveCfg = Release|Any CPU
		{D2D5B16C-4ABE-4150-A9AC-7A61D4095024}.Release|Any CPU.Build.0 = Release|Any CPU
		{5FFA448F-7091-46AC-A5C5-7CBC71DA56A5}.Debug|Any CPU.ActiveCfg = Debug|Any CPU
		{5FFA448F-7091-46AC-A5C5-7CBC71DA56A5}.Debug|Any CPU.Build.0 = Debug|Any CPU
		{5FFA448F-7091-46AC-A5C5-7CBC71DA56A5}.Release|Any CPU.ActiveCfg = Release|Any CPU
		{5FFA448F-7091-46AC-A5C5-7CBC71DA56A5}.Release|Any CPU.Build.0 = Release|Any CPU
		{A0DF642E-8031-46BD-96A8-2837DBE9C71A}.Debug|Any CPU.ActiveCfg = Debug|Any CPU
		{A0DF642E-8031-46BD-96A8-2837DBE9C71A}.Debug|Any CPU.Build.0 = Debug|Any CPU
		{A0DF642E-8031-46BD-96A8-2837DBE9C71A}.Release|Any CPU.ActiveCfg = Release|Any CPU
		{A0DF642E-8031-46BD-96A8-2837DBE9C71A}.Release|Any CPU.Build.0 = Release|Any CPU
		{A2CB19AC-1401-4EC2-AD49-57B7D225D924}.Debug|Any CPU.ActiveCfg = Debug|Any CPU
		{A2CB19AC-1401-4EC2-AD49-57B7D225D924}.Debug|Any CPU.Build.0 = Debug|Any CPU
		{A2CB19AC-1401-4EC2-AD49-57B7D225D924}.Release|Any CPU.ActiveCfg = Release|Any CPU
		{A2CB19AC-1401-4EC2-AD49-57B7D225D924}.Release|Any CPU.Build.0 = Release|Any CPU
		{4A5D65A2-451D-4A53-8903-6AA089964B7F}.Debug|Any CPU.ActiveCfg = Debug|Any CPU
		{4A5D65A2-451D-4A53-8903-6AA089964B7F}.Debug|Any CPU.Build.0 = Debug|Any CPU
		{4A5D65A2-451D-4A53-8903-6AA089964B7F}.Release|Any CPU.ActiveCfg = Release|Any CPU
		{4A5D65A2-451D-4A53-8903-6AA089964B7F}.Release|Any CPU.Build.0 = Release|Any CPU
		{442A84EA-C604-446A-9410-34A4D54C1847}.Debug|Any CPU.ActiveCfg = Debug|Any CPU
		{442A84EA-C604-446A-9410-34A4D54C1847}.Debug|Any CPU.Build.0 = Debug|Any CPU
		{442A84EA-C604-446A-9410-34A4D54C1847}.Release|Any CPU.ActiveCfg = Release|Any CPU
		{442A84EA-C604-446A-9410-34A4D54C1847}.Release|Any CPU.Build.0 = Release|Any CPU
		{A11BA999-88EF-4AC1-9441-C49C90EAFEC1}.Debug|Any CPU.ActiveCfg = Debug|Any CPU
		{A11BA999-88EF-4AC1-9441-C49C90EAFEC1}.Debug|Any CPU.Build.0 = Debug|Any CPU
		{A11BA999-88EF-4AC1-9441-C49C90EAFEC1}.Release|Any CPU.ActiveCfg = Release|Any CPU
		{A11BA999-88EF-4AC1-9441-C49C90EAFEC1}.Release|Any CPU.Build.0 = Release|Any CPU
		{D2C86A49-FB34-481B-8A63-C3C623BAA5B5}.Debug|Any CPU.ActiveCfg = Debug|Any CPU
		{D2C86A49-FB34-481B-8A63-C3C623BAA5B5}.Debug|Any CPU.Build.0 = Debug|Any CPU
		{D2C86A49-FB34-481B-8A63-C3C623BAA5B5}.Release|Any CPU.ActiveCfg = Release|Any CPU
		{D2C86A49-FB34-481B-8A63-C3C623BAA5B5}.Release|Any CPU.Build.0 = Release|Any CPU
		{54808EB9-9DE8-4B9E-870D-166FBE439D8A}.Debug|Any CPU.ActiveCfg = Debug|Any CPU
		{54808EB9-9DE8-4B9E-870D-166FBE439D8A}.Debug|Any CPU.Build.0 = Debug|Any CPU
		{54808EB9-9DE8-4B9E-870D-166FBE439D8A}.Release|Any CPU.ActiveCfg = Release|Any CPU
		{54808EB9-9DE8-4B9E-870D-166FBE439D8A}.Release|Any CPU.Build.0 = Release|Any CPU
		{95F0244C-6EEC-44E6-A58D-B4781677ACE7}.Debug|Any CPU.ActiveCfg = Debug|Any CPU
		{95F0244C-6EEC-44E6-A58D-B4781677ACE7}.Debug|Any CPU.Build.0 = Debug|Any CPU
		{95F0244C-6EEC-44E6-A58D-B4781677ACE7}.Release|Any CPU.ActiveCfg = Release|Any CPU
		{95F0244C-6EEC-44E6-A58D-B4781677ACE7}.Release|Any CPU.Build.0 = Release|Any CPU
		{29E0BE52-B15E-484F-9B51-DE455A01BDDA}.Debug|Any CPU.ActiveCfg = Debug|Any CPU
		{29E0BE52-B15E-484F-9B51-DE455A01BDDA}.Debug|Any CPU.Build.0 = Debug|Any CPU
		{29E0BE52-B15E-484F-9B51-DE455A01BDDA}.Release|Any CPU.ActiveCfg = Release|Any CPU
		{29E0BE52-B15E-484F-9B51-DE455A01BDDA}.Release|Any CPU.Build.0 = Release|Any CPU
		{F67BBC1D-BD08-45B8-A755-DAB626505E03}.Debug|Any CPU.ActiveCfg = Debug|Any CPU
		{F67BBC1D-BD08-45B8-A755-DAB626505E03}.Debug|Any CPU.Build.0 = Debug|Any CPU
		{F67BBC1D-BD08-45B8-A755-DAB626505E03}.Release|Any CPU.ActiveCfg = Release|Any CPU
		{F67BBC1D-BD08-45B8-A755-DAB626505E03}.Release|Any CPU.Build.0 = Release|Any CPU
		{79011171-B866-425F-B43C-90B553879B42}.Debug|Any CPU.ActiveCfg = Debug|Any CPU
		{79011171-B866-425F-B43C-90B553879B42}.Debug|Any CPU.Build.0 = Debug|Any CPU
		{79011171-B866-425F-B43C-90B553879B42}.Release|Any CPU.ActiveCfg = Release|Any CPU
		{79011171-B866-425F-B43C-90B553879B42}.Release|Any CPU.Build.0 = Release|Any CPU
		{2D25D6F2-D5E6-4769-A2F2-6553ADB0B9B3}.Debug|Any CPU.ActiveCfg = Debug|Any CPU
		{2D25D6F2-D5E6-4769-A2F2-6553ADB0B9B3}.Debug|Any CPU.Build.0 = Debug|Any CPU
		{2D25D6F2-D5E6-4769-A2F2-6553ADB0B9B3}.Release|Any CPU.ActiveCfg = Release|Any CPU
		{2D25D6F2-D5E6-4769-A2F2-6553ADB0B9B3}.Release|Any CPU.Build.0 = Release|Any CPU
		{46F6C452-386A-42AD-8C4E-1E3FE5A7949C}.Debug|Any CPU.ActiveCfg = Debug|Any CPU
		{46F6C452-386A-42AD-8C4E-1E3FE5A7949C}.Debug|Any CPU.Build.0 = Debug|Any CPU
		{46F6C452-386A-42AD-8C4E-1E3FE5A7949C}.Release|Any CPU.ActiveCfg = Release|Any CPU
		{46F6C452-386A-42AD-8C4E-1E3FE5A7949C}.Release|Any CPU.Build.0 = Release|Any CPU
		{5CE4776D-0E67-4FBB-B9D7-7F8267CDB37A}.Debug|Any CPU.ActiveCfg = Debug|Any CPU
		{5CE4776D-0E67-4FBB-B9D7-7F8267CDB37A}.Debug|Any CPU.Build.0 = Debug|Any CPU
		{5CE4776D-0E67-4FBB-B9D7-7F8267CDB37A}.Release|Any CPU.ActiveCfg = Release|Any CPU
		{5CE4776D-0E67-4FBB-B9D7-7F8267CDB37A}.Release|Any CPU.Build.0 = Release|Any CPU
		{5DD73662-D512-483A-ADD8-A9111196FC68}.Debug|Any CPU.ActiveCfg = Debug|Any CPU
		{5DD73662-D512-483A-ADD8-A9111196FC68}.Debug|Any CPU.Build.0 = Debug|Any CPU
		{5DD73662-D512-483A-ADD8-A9111196FC68}.Release|Any CPU.ActiveCfg = Release|Any CPU
		{5DD73662-D512-483A-ADD8-A9111196FC68}.Release|Any CPU.Build.0 = Release|Any CPU
		{AA7230D1-3FAE-458A-A546-7BC9C80A0C9E}.Debug|Any CPU.ActiveCfg = Debug|Any CPU
		{AA7230D1-3FAE-458A-A546-7BC9C80A0C9E}.Debug|Any CPU.Build.0 = Debug|Any CPU
		{AA7230D1-3FAE-458A-A546-7BC9C80A0C9E}.Release|Any CPU.ActiveCfg = Release|Any CPU
		{AA7230D1-3FAE-458A-A546-7BC9C80A0C9E}.Release|Any CPU.Build.0 = Release|Any CPU
		{72A39443-5B97-412A-891D-90B33D730E02}.Debug|Any CPU.ActiveCfg = Debug|Any CPU
		{72A39443-5B97-412A-891D-90B33D730E02}.Debug|Any CPU.Build.0 = Debug|Any CPU
		{72A39443-5B97-412A-891D-90B33D730E02}.Release|Any CPU.ActiveCfg = Release|Any CPU
		{72A39443-5B97-412A-891D-90B33D730E02}.Release|Any CPU.Build.0 = Release|Any CPU
		{2559C826-5B71-4652-86AD-4A2E5DA5561A}.Debug|Any CPU.ActiveCfg = Debug|Any CPU
		{2559C826-5B71-4652-86AD-4A2E5DA5561A}.Debug|Any CPU.Build.0 = Debug|Any CPU
		{2559C826-5B71-4652-86AD-4A2E5DA5561A}.Release|Any CPU.ActiveCfg = Release|Any CPU
		{2559C826-5B71-4652-86AD-4A2E5DA5561A}.Release|Any CPU.Build.0 = Release|Any CPU
		{D1EB6DE2-278A-4D1A-92BA-6F7ED7C57B79}.Debug|Any CPU.ActiveCfg = Debug|Any CPU
		{D1EB6DE2-278A-4D1A-92BA-6F7ED7C57B79}.Debug|Any CPU.Build.0 = Debug|Any CPU
		{D1EB6DE2-278A-4D1A-92BA-6F7ED7C57B79}.Release|Any CPU.ActiveCfg = Release|Any CPU
		{D1EB6DE2-278A-4D1A-92BA-6F7ED7C57B79}.Release|Any CPU.Build.0 = Release|Any CPU
		{0C770127-1B20-4D3B-B950-2C545296867D}.Debug|Any CPU.ActiveCfg = Debug|Any CPU
		{0C770127-1B20-4D3B-B950-2C545296867D}.Debug|Any CPU.Build.0 = Debug|Any CPU
		{0C770127-1B20-4D3B-B950-2C545296867D}.Release|Any CPU.ActiveCfg = Release|Any CPU
		{0C770127-1B20-4D3B-B950-2C545296867D}.Release|Any CPU.Build.0 = Release|Any CPU
		{1A27BE9D-6496-4238-91D0-AABA85B20F4B}.Debug|Any CPU.ActiveCfg = Debug|Any CPU
		{1A27BE9D-6496-4238-91D0-AABA85B20F4B}.Debug|Any CPU.Build.0 = Debug|Any CPU
		{1A27BE9D-6496-4238-91D0-AABA85B20F4B}.Release|Any CPU.ActiveCfg = Release|Any CPU
		{1A27BE9D-6496-4238-91D0-AABA85B20F4B}.Release|Any CPU.Build.0 = Release|Any CPU
		{E74924DF-203D-4AD7-B61B-B806BAAC7B2D}.Debug|Any CPU.ActiveCfg = Debug|Any CPU
		{E74924DF-203D-4AD7-B61B-B806BAAC7B2D}.Debug|Any CPU.Build.0 = Debug|Any CPU
		{E74924DF-203D-4AD7-B61B-B806BAAC7B2D}.Release|Any CPU.ActiveCfg = Release|Any CPU
		{E74924DF-203D-4AD7-B61B-B806BAAC7B2D}.Release|Any CPU.Build.0 = Release|Any CPU
		{F0A3E065-499B-4530-9EEE-7F1E96EF62B9}.Debug|Any CPU.ActiveCfg = Debug|Any CPU
		{F0A3E065-499B-4530-9EEE-7F1E96EF62B9}.Debug|Any CPU.Build.0 = Debug|Any CPU
		{F0A3E065-499B-4530-9EEE-7F1E96EF62B9}.Release|Any CPU.ActiveCfg = Release|Any CPU
		{F0A3E065-499B-4530-9EEE-7F1E96EF62B9}.Release|Any CPU.Build.0 = Release|Any CPU
		{D78B4A7B-0DE8-4221-BC7B-25FE2B570035}.Debug|Any CPU.ActiveCfg = Debug|Any CPU
		{D78B4A7B-0DE8-4221-BC7B-25FE2B570035}.Debug|Any CPU.Build.0 = Debug|Any CPU
		{D78B4A7B-0DE8-4221-BC7B-25FE2B570035}.Release|Any CPU.ActiveCfg = Release|Any CPU
		{D78B4A7B-0DE8-4221-BC7B-25FE2B570035}.Release|Any CPU.Build.0 = Release|Any CPU
	EndGlobalSection
	GlobalSection(SolutionProperties) = preSolution
		HideSolutionNode = FALSE
	EndGlobalSection
	GlobalSection(NestedProjects) = preSolution
		{7AE82CB4-BB81-4617-A8A5-28F0F5BB4D17} = {6361AD7B-8FA4-42AF-BC82-BD9BC4099FC1}
		{D3A0EC85-C15F-4B3A-ABFB-D574028BD5B4} = {7AE82CB4-BB81-4617-A8A5-28F0F5BB4D17}
		{6F7BDE16-5677-4C66-82D1-B04F9A8DCA02} = {D3A0EC85-C15F-4B3A-ABFB-D574028BD5B4}
		{A340CC43-06BB-4A89-9148-B544038DFCA0} = {6F7BDE16-5677-4C66-82D1-B04F9A8DCA02}
		{C0EC6AEA-DF11-4458-A4D3-01BE223835C0} = {6F7BDE16-5677-4C66-82D1-B04F9A8DCA02}
		{899BF5C7-0CF8-45EE-93B9-B292D7742CE5} = {6F7BDE16-5677-4C66-82D1-B04F9A8DCA02}
		{1F27974C-DA37-43E7-B81B-D606035AB29C} = {7AE82CB4-BB81-4617-A8A5-28F0F5BB4D17}
		{902D78CA-E409-40EB-9986-6A528BCECA8B} = {46D7D0EC-F502-4227-B9F2-D813BF5217B1}
		{CBB54365-E295-4E62-BC8A-069F0707A988} = {1F27974C-DA37-43E7-B81B-D606035AB29C}
		{C76754E6-2D4E-4750-89AD-7C9774ADECDD} = {CBB54365-E295-4E62-BC8A-069F0707A988}
		{24772936-EE3B-4970-BF45-0EA9AF8054A6} = {CBB54365-E295-4E62-BC8A-069F0707A988}
		{F79FC503-4966-48FE-98ED-7B855E2DBBD8} = {CBB54365-E295-4E62-BC8A-069F0707A988}
		{F13E9D58-67ED-4E22-8FE9-F9E65589ED8E} = {46D7D0EC-F502-4227-B9F2-D813BF5217B1}
		{33C0802F-5B32-4915-B533-5990BE2C71BC} = {46D7D0EC-F502-4227-B9F2-D813BF5217B1}
		{46D7D0EC-F502-4227-B9F2-D813BF5217B1} = {6361AD7B-8FA4-42AF-BC82-BD9BC4099FC1}
		{67677EB2-57A2-4F75-9021-CA49C512AB0A} = {33C0802F-5B32-4915-B533-5990BE2C71BC}
		{4E571C7B-FCD1-4104-A01F-088340A5DC22} = {F13E9D58-67ED-4E22-8FE9-F9E65589ED8E}
		{8CEEDCAF-AEFD-4446-9BF4-0FDC2B1A1269} = {902D78CA-E409-40EB-9986-6A528BCECA8B}
		{697A9016-F934-4DCC-B226-1A9891FB0507} = {46D7D0EC-F502-4227-B9F2-D813BF5217B1}
		{594780BA-5926-4623-9CD9-9972F7C02FFC} = {697A9016-F934-4DCC-B226-1A9891FB0507}
		{C886359D-342A-432B-88C6-1B6C205CF7C8} = {697A9016-F934-4DCC-B226-1A9891FB0507}
		{F8063BE3-5449-48F9-BBDB-72C04C3981BD} = {46D7D0EC-F502-4227-B9F2-D813BF5217B1}
		{A3186892-522A-4558-A7F3-2D67D7F6C281} = {F8063BE3-5449-48F9-BBDB-72C04C3981BD}
		{6B2B7FDF-B3A1-4E79-9302-AFB5983B9352} = {46D7D0EC-F502-4227-B9F2-D813BF5217B1}
		{E97E4D57-CD17-4D23-A178-C803736DB2AD} = {6B2B7FDF-B3A1-4E79-9302-AFB5983B9352}
		{E08964CE-CDF1-4A28-B8FA-DA7DED40476C} = {46D7D0EC-F502-4227-B9F2-D813BF5217B1}
		{62B375FF-FC1D-4F97-A811-A3C6E9155BBE} = {E08964CE-CDF1-4A28-B8FA-DA7DED40476C}
		{9217054F-2BA8-470A-B6D0-A09C87D8C564} = {697A9016-F934-4DCC-B226-1A9891FB0507}
		{75686B1E-9E98-4628-99D0-8B30746DF880} = {7AE82CB4-BB81-4617-A8A5-28F0F5BB4D17}
		{3D709E08-D60D-4A69-9606-B34556E5ECCE} = {75686B1E-9E98-4628-99D0-8B30746DF880}
		{89B5E1E8-4F8D-4C44-999A-4CB78EDDC11D} = {3D709E08-D60D-4A69-9606-B34556E5ECCE}
		{370DC87D-77C2-4363-9FE6-7C006D247FFB} = {3D709E08-D60D-4A69-9606-B34556E5ECCE}
		{3FB39CDF-D323-424B-BCC1-65156F08A7F7} = {3D709E08-D60D-4A69-9606-B34556E5ECCE}
		{3CA402E6-4965-463B-997C-EB3293EF99F0} = {89B5E1E8-4F8D-4C44-999A-4CB78EDDC11D}
		{85C75DA5-FD75-4C56-A569-6E7EBC910EA2} = {370DC87D-77C2-4363-9FE6-7C006D247FFB}
		{1EA62B10-01CC-46C1-B27C-EC1ED186087A} = {3FB39CDF-D323-424B-BCC1-65156F08A7F7}
		{10566FED-2FF8-47A3-9FED-82D6C976BF04} = {A340CC43-06BB-4A89-9148-B544038DFCA0}
		{D2D5B16C-4ABE-4150-A9AC-7A61D4095024} = {A340CC43-06BB-4A89-9148-B544038DFCA0}
		{5FFA448F-7091-46AC-A5C5-7CBC71DA56A5} = {C0EC6AEA-DF11-4458-A4D3-01BE223835C0}
		{A0DF642E-8031-46BD-96A8-2837DBE9C71A} = {C0EC6AEA-DF11-4458-A4D3-01BE223835C0}
		{A2CB19AC-1401-4EC2-AD49-57B7D225D924} = {899BF5C7-0CF8-45EE-93B9-B292D7742CE5}
		{4A5D65A2-451D-4A53-8903-6AA089964B7F} = {C76754E6-2D4E-4750-89AD-7C9774ADECDD}
		{442A84EA-C604-446A-9410-34A4D54C1847} = {C76754E6-2D4E-4750-89AD-7C9774ADECDD}
		{A11BA999-88EF-4AC1-9441-C49C90EAFEC1} = {24772936-EE3B-4970-BF45-0EA9AF8054A6}
		{D2C86A49-FB34-481B-8A63-C3C623BAA5B5} = {24772936-EE3B-4970-BF45-0EA9AF8054A6}
		{54808EB9-9DE8-4B9E-870D-166FBE439D8A} = {F79FC503-4966-48FE-98ED-7B855E2DBBD8}
		{D1EA85BD-1516-4ACD-A65F-A889859D42BD} = {7AE82CB4-BB81-4617-A8A5-28F0F5BB4D17}
		{208D2340-B216-44AD-929E-89F9FAD45B8E} = {7AE82CB4-BB81-4617-A8A5-28F0F5BB4D17}
		{219D4A58-1BA5-483C-B03D-5385989F55FC} = {D1EA85BD-1516-4ACD-A65F-A889859D42BD}
		{70035F7D-FA3A-40FB-AE79-5F8F78DD3EC3} = {219D4A58-1BA5-483C-B03D-5385989F55FC}
		{BD82F10F-D9A6-439F-9356-C2AB8CF242BE} = {219D4A58-1BA5-483C-B03D-5385989F55FC}
		{E8CCA13C-8F30-41D5-9BA2-7B26858D43AF} = {219D4A58-1BA5-483C-B03D-5385989F55FC}
		{D27146BE-3988-4AE9-BEC3-A96AB17C7A20} = {208D2340-B216-44AD-929E-89F9FAD45B8E}
		{E4350B5A-CA40-4776-89BE-8171C5D7B41D} = {D27146BE-3988-4AE9-BEC3-A96AB17C7A20}
		{BB2BC891-A665-4CA3-8729-8857FEF2341D} = {D27146BE-3988-4AE9-BEC3-A96AB17C7A20}
		{D2E12AB6-D23F-4592-BAA5-AC35F5DDE5DE} = {D27146BE-3988-4AE9-BEC3-A96AB17C7A20}
		{95F0244C-6EEC-44E6-A58D-B4781677ACE7} = {70035F7D-FA3A-40FB-AE79-5F8F78DD3EC3}
		{29E0BE52-B15E-484F-9B51-DE455A01BDDA} = {70035F7D-FA3A-40FB-AE79-5F8F78DD3EC3}
		{F67BBC1D-BD08-45B8-A755-DAB626505E03} = {BD82F10F-D9A6-439F-9356-C2AB8CF242BE}
		{79011171-B866-425F-B43C-90B553879B42} = {E8CCA13C-8F30-41D5-9BA2-7B26858D43AF}
		{2D25D6F2-D5E6-4769-A2F2-6553ADB0B9B3} = {E4350B5A-CA40-4776-89BE-8171C5D7B41D}
		{46F6C452-386A-42AD-8C4E-1E3FE5A7949C} = {E4350B5A-CA40-4776-89BE-8171C5D7B41D}
		{5CE4776D-0E67-4FBB-B9D7-7F8267CDB37A} = {BB2BC891-A665-4CA3-8729-8857FEF2341D}
		{5DD73662-D512-483A-ADD8-A9111196FC68} = {D2E12AB6-D23F-4592-BAA5-AC35F5DDE5DE}
		{AA7230D1-3FAE-458A-A546-7BC9C80A0C9E} = {BD82F10F-D9A6-439F-9356-C2AB8CF242BE}
		{72A39443-5B97-412A-891D-90B33D730E02} = {BB2BC891-A665-4CA3-8729-8857FEF2341D}
		{6849A94F-3073-4CEE-AA8A-42AE5B554D7D} = {7AE82CB4-BB81-4617-A8A5-28F0F5BB4D17}
		{2559C826-5B71-4652-86AD-4A2E5DA5561A} = {6849A94F-3073-4CEE-AA8A-42AE5B554D7D}
		{D1EB6DE2-278A-4D1A-92BA-6F7ED7C57B79} = {C0EC6AEA-DF11-4458-A4D3-01BE223835C0}
		{0C770127-1B20-4D3B-B950-2C545296867D} = {24772936-EE3B-4970-BF45-0EA9AF8054A6}
		{1A27BE9D-6496-4238-91D0-AABA85B20F4B} = {BD82F10F-D9A6-439F-9356-C2AB8CF242BE}
		{E74924DF-203D-4AD7-B61B-B806BAAC7B2D} = {BB2BC891-A665-4CA3-8729-8857FEF2341D}
		{85B29CBF-CF6C-4D76-866B-E59070786B4C} = {CBB54365-E295-4E62-BC8A-069F0707A988}
		{F0A3E065-499B-4530-9EEE-7F1E96EF62B9} = {85B29CBF-CF6C-4D76-866B-E59070786B4C}
		{D78B4A7B-0DE8-4221-BC7B-25FE2B570035} = {24772936-EE3B-4970-BF45-0EA9AF8054A6}
		{C22212D9-5498-43A3-B881-54764EC48206} = {81E9466F-21F5-4A2A-B1DF-F371C79118C6}
		{89AE5388-0A16-4F67-BAF0-1D047429C8F3} = {C22212D9-5498-43A3-B881-54764EC48206}
		{0E3302A1-BC81-42BD-837A-7CDE43903B04} = {C22212D9-5498-43A3-B881-54764EC48206}
	EndGlobalSection
	GlobalSection(ExtensibilityGlobals) = postSolution
		SolutionGuid = {E94EA2D5-FEAC-4ACA-9FBA-B303635E715D}
	EndGlobalSection
EndGlobal
